// !$*UTF8*$!
{
	archiveVersion = 1;
	classes = {
	};
	objectVersion = 46;
	objects = {

/* Begin PBXBuildFile section */
		9229B98F1A2927D800D066DB /* Object.cpp in Sources */ = {isa = PBXBuildFile; fileRef = 9229B98D1A2927D800D066DB /* Object.cpp */; };
		9229B9921A292B1300D066DB /* MainDrawer.cpp in Sources */ = {isa = PBXBuildFile; fileRef = 9229B9901A292B1300D066DB /* MainDrawer.cpp */; };
		926484381A26744500D1F643 /* OpenGL.framework in Frameworks */ = {isa = PBXBuildFile; fileRef = 926484361A26742800D1F643 /* OpenGL.framework */; };
		9264843A1A26766D00D1F643 /* libglfw3.a in Frameworks */ = {isa = PBXBuildFile; fileRef = 926484391A26766D00D1F643 /* libglfw3.a */; };
		9264843C1A26773000D1F643 /* Cocoa.framework in Frameworks */ = {isa = PBXBuildFile; fileRef = 9264843B1A26773000D1F643 /* Cocoa.framework */; };
		9264843E1A26777500D1F643 /* IOKit.framework in Frameworks */ = {isa = PBXBuildFile; fileRef = 9264843D1A26777500D1F643 /* IOKit.framework */; };
		926484401A26778C00D1F643 /* CoreVideo.framework in Frameworks */ = {isa = PBXBuildFile; fileRef = 9264843F1A26778C00D1F643 /* CoreVideo.framework */; };
		926B399C1A2530D7002014EA /* Fast.cpp in Sources */ = {isa = PBXBuildFile; fileRef = 926B39901A2530D7002014EA /* Fast.cpp */; };
		926B399D1A2530D7002014EA /* ModelLoader.cpp in Sources */ = {isa = PBXBuildFile; fileRef = 926B39931A2530D7002014EA /* ModelLoader.cpp */; };
		927477FD1A25334C00C5AF10 /* libGLEW.1.11.0.dylib in Frameworks */ = {isa = PBXBuildFile; fileRef = 927477FC1A25334C00C5AF10 /* libGLEW.1.11.0.dylib */; };
		928AA4641A29DDDE00825A08 /* FMath.cpp in Sources */ = {isa = PBXBuildFile; fileRef = 928AA4621A29DDDE00825A08 /* FMath.cpp */; };
/* End PBXBuildFile section */

/* Begin PBXCopyFilesBuildPhase section */
		926B39831A252FFF002014EA /* CopyFiles */ = {
			isa = PBXCopyFilesBuildPhase;
			buildActionMask = 2147483647;
			dstPath = /usr/share/man/man1/;
			dstSubfolderSpec = 0;
			files = (
			);
			runOnlyForDeploymentPostprocessing = 1;
		};
/* End PBXCopyFilesBuildPhase section */

/* Begin PBXFileReference section */
		9229B98D1A2927D800D066DB /* Object.cpp */ = {isa = PBXFileReference; fileEncoding = 4; lastKnownFileType = sourcecode.cpp.cpp; name = Object.cpp; path = "Object classes/Object.cpp"; sourceTree = "<group>"; };
		9229B98E1A2927D800D066DB /* Object.h */ = {isa = PBXFileReference; fileEncoding = 4; lastKnownFileType = sourcecode.c.h; name = Object.h; path = "Object classes/Object.h"; sourceTree = "<group>"; };
		9229B9901A292B1300D066DB /* MainDrawer.cpp */ = {isa = PBXFileReference; fileEncoding = 4; lastKnownFileType = sourcecode.cpp.cpp; name = MainDrawer.cpp; path = "Drawing classes/MainDrawer.cpp"; sourceTree = "<group>"; };
		9229B9911A292B1300D066DB /* MainDrawer.h */ = {isa = PBXFileReference; fileEncoding = 4; lastKnownFileType = sourcecode.c.h; name = MainDrawer.h; path = "Drawing classes/MainDrawer.h"; sourceTree = "<group>"; };
		926484361A26742800D1F643 /* OpenGL.framework */ = {isa = PBXFileReference; lastKnownFileType = wrapper.framework; name = OpenGL.framework; path = System/Library/Frameworks/OpenGL.framework; sourceTree = SDKROOT; };
		926484391A26766D00D1F643 /* libglfw3.a */ = {isa = PBXFileReference; lastKnownFileType = archive.ar; name = libglfw3.a; path = /usr/local/lib/libglfw3.a; sourceTree = "<absolute>"; };
		9264843B1A26773000D1F643 /* Cocoa.framework */ = {isa = PBXFileReference; lastKnownFileType = wrapper.framework; name = Cocoa.framework; path = System/Library/Frameworks/Cocoa.framework; sourceTree = SDKROOT; };
		9264843D1A26777500D1F643 /* IOKit.framework */ = {isa = PBXFileReference; lastKnownFileType = wrapper.framework; name = IOKit.framework; path = System/Library/Frameworks/IOKit.framework; sourceTree = SDKROOT; };
		9264843F1A26778C00D1F643 /* CoreVideo.framework */ = {isa = PBXFileReference; lastKnownFileType = wrapper.framework; name = CoreVideo.framework; path = System/Library/Frameworks/CoreVideo.framework; sourceTree = SDKROOT; };
		926B39851A252FFF002014EA /* OpenGL */ = {isa = PBXFileReference; explicitFileType = "compiled.mach-o.executable"; includeInIndex = 0; path = OpenGL; sourceTree = BUILT_PRODUCTS_DIR; };
		926B398F1A2530D7002014EA /* chessboard.bmp */ = {isa = PBXFileReference; lastKnownFileType = image.bmp; path = chessboard.bmp; sourceTree = "<group>"; };
		926B39901A2530D7002014EA /* Fast.cpp */ = {isa = PBXFileReference; fileEncoding = 4; lastKnownFileType = sourcecode.cpp.cpp; path = Fast.cpp; sourceTree = "<group>"; };
		926B39931A2530D7002014EA /* ModelLoader.cpp */ = {isa = PBXFileReference; fileEncoding = 4; lastKnownFileType = sourcecode.cpp.cpp; path = ModelLoader.cpp; sourceTree = "<group>"; };
		926B39941A2530D7002014EA /* ModelLoader.h */ = {isa = PBXFileReference; fileEncoding = 4; lastKnownFileType = sourcecode.c.h; path = ModelLoader.h; sourceTree = "<group>"; };
		926B39951A2530D7002014EA /* Patrick.obj */ = {isa = PBXFileReference; fileEncoding = 4; lastKnownFileType = text; path = Patrick.obj; sourceTree = "<group>"; };
		927477FC1A25334C00C5AF10 /* libGLEW.1.11.0.dylib */ = {isa = PBXFileReference; lastKnownFileType = "compiled.mach-o.dylib"; name = libGLEW.1.11.0.dylib; path = /usr/local/lib/libGLEW.1.11.0.dylib; sourceTree = "<absolute>"; };
		928AA4621A29DDDE00825A08 /* FMath.cpp */ = {isa = PBXFileReference; fileEncoding = 4; lastKnownFileType = sourcecode.cpp.cpp; name = FMath.cpp; path = "Math classes/FMath.cpp"; sourceTree = "<group>"; };
		928AA4631A29DDDE00825A08 /* FMath.h */ = {isa = PBXFileReference; fileEncoding = 4; lastKnownFileType = sourcecode.c.h; name = FMath.h; path = "Math classes/FMath.h"; sourceTree = "<group>"; };
/* End PBXFileReference section */

/* Begin PBXFrameworksBuildPhase section */
		926B39821A252FFF002014EA /* Frameworks */ = {
			isa = PBXFrameworksBuildPhase;
			buildActionMask = 2147483647;
			files = (
				926484401A26778C00D1F643 /* CoreVideo.framework in Frameworks */,
				9264843E1A26777500D1F643 /* IOKit.framework in Frameworks */,
				9264843C1A26773000D1F643 /* Cocoa.framework in Frameworks */,
				9264843A1A26766D00D1F643 /* libglfw3.a in Frameworks */,
				926484381A26744500D1F643 /* OpenGL.framework in Frameworks */,
				927477FD1A25334C00C5AF10 /* libGLEW.1.11.0.dylib in Frameworks */,
			);
			runOnlyForDeploymentPostprocessing = 0;
		};
/* End PBXFrameworksBuildPhase section */

/* Begin PBXGroup section */
		926484411A267BB400D1F643 /* Dependences */ = {
			isa = PBXGroup;
			children = (
				9264843F1A26778C00D1F643 /* CoreVideo.framework */,
				9264843D1A26777500D1F643 /* IOKit.framework */,
				9264843B1A26773000D1F643 /* Cocoa.framework */,
				926484391A26766D00D1F643 /* libglfw3.a */,
				926484361A26742800D1F643 /* OpenGL.framework */,
				927477FC1A25334C00C5AF10 /* libGLEW.1.11.0.dylib */,
				926B39871A252FFF002014EA /* OpenGL */,
			);
			name = Dependences;
			sourceTree = "<group>";
		};
		926B397C1A252FFF002014EA = {
			isa = PBXGroup;
			children = (
				926484411A267BB400D1F643 /* Dependences */,
				926B39861A252FFF002014EA /* Products */,
			);
			sourceTree = "<group>";
		};
		926B39861A252FFF002014EA /* Products */ = {
			isa = PBXGroup;
			children = (
				926B39851A252FFF002014EA /* OpenGL */,
			);
			name = Products;
			sourceTree = "<group>";
		};
		926B39871A252FFF002014EA /* OpenGL */ = {
			isa = PBXGroup;
			children = (
				928AA4691A29DE2300825A08 /* Objects */,
				928AA4681A29DE1C00825A08 /* Drawer */,
				928AA4651A29DDE200825A08 /* Math */,
				926B398F1A2530D7002014EA /* chessboard.bmp */,
				926B39901A2530D7002014EA /* Fast.cpp */,
				926B39931A2530D7002014EA /* ModelLoader.cpp */,
				926B39941A2530D7002014EA /* ModelLoader.h */,
				926B39951A2530D7002014EA /* Patrick.obj */,
			);
			path = OpenGL;
			sourceTree = "<group>";
		};
		928AA4651A29DDE200825A08 /* Math */ = {
			isa = PBXGroup;
			children = (
				928AA4621A29DDDE00825A08 /* FMath.cpp */,
				928AA4631A29DDDE00825A08 /* FMath.h */,
			);
			name = Math;
			sourceTree = "<group>";
		};
		928AA4681A29DE1C00825A08 /* Drawer */ = {
			isa = PBXGroup;
			children = (
				9229B9901A292B1300D066DB /* MainDrawer.cpp */,
				9229B9911A292B1300D066DB /* MainDrawer.h */,
			);
			name = Drawer;
			sourceTree = "<group>";
		};
		928AA4691A29DE2300825A08 /* Objects */ = {
			isa = PBXGroup;
			children = (
				9229B98D1A2927D800D066DB /* Object.cpp */,
				9229B98E1A2927D800D066DB /* Object.h */,
			);
			name = Objects;
			sourceTree = "<group>";
		};
/* End PBXGroup section */

/* Begin PBXNativeTarget section */
		926B39841A252FFF002014EA /* OpenGL */ = {
			isa = PBXNativeTarget;
			buildConfigurationList = 926B398C1A252FFF002014EA /* Build configuration list for PBXNativeTarget "OpenGL" */;
			buildPhases = (
				926B39811A252FFF002014EA /* Sources */,
				926B39821A252FFF002014EA /* Frameworks */,
				926B39831A252FFF002014EA /* CopyFiles */,
			);
			buildRules = (
			);
			dependencies = (
			);
			name = OpenGL;
			productName = OpenGL;
			productReference = 926B39851A252FFF002014EA /* OpenGL */;
			productType = "com.apple.product-type.tool";
		};
/* End PBXNativeTarget section */

/* Begin PBXProject section */
		926B397D1A252FFF002014EA /* Project object */ = {
			isa = PBXProject;
			attributes = {
				LastUpgradeCheck = 0610;
				ORGANIZATIONNAME = Denis;
				TargetAttributes = {
					926B39841A252FFF002014EA = {
						CreatedOnToolsVersion = 6.1;
					};
				};
			};
			buildConfigurationList = 926B39801A252FFF002014EA /* Build configuration list for PBXProject "OpenGL" */;
			compatibilityVersion = "Xcode 3.2";
			developmentRegion = English;
			hasScannedForEncodings = 0;
			knownRegions = (
				en,
			);
			mainGroup = 926B397C1A252FFF002014EA;
			productRefGroup = 926B39861A252FFF002014EA /* Products */;
			projectDirPath = "";
			projectRoot = "";
			targets = (
				926B39841A252FFF002014EA /* OpenGL */,
			);
		};
/* End PBXProject section */

/* Begin PBXSourcesBuildPhase section */
		926B39811A252FFF002014EA /* Sources */ = {
			isa = PBXSourcesBuildPhase;
			buildActionMask = 2147483647;
			files = (
				926B399D1A2530D7002014EA /* ModelLoader.cpp in Sources */,
				9229B9921A292B1300D066DB /* MainDrawer.cpp in Sources */,
				926B399C1A2530D7002014EA /* Fast.cpp in Sources */,
				9229B98F1A2927D800D066DB /* Object.cpp in Sources */,
				928AA4641A29DDDE00825A08 /* FMath.cpp in Sources */,
			);
			runOnlyForDeploymentPostprocessing = 0;
		};
/* End PBXSourcesBuildPhase section */

/* Begin XCBuildConfiguration section */
		926B398A1A252FFF002014EA /* Debug */ = {
			isa = XCBuildConfiguration;
			buildSettings = {
				ALWAYS_SEARCH_USER_PATHS = NO;
				CLANG_CXX_LANGUAGE_STANDARD = "gnu++0x";
				CLANG_CXX_LIBRARY = "libc++";
				CLANG_ENABLE_MODULES = YES;
				CLANG_ENABLE_OBJC_ARC = YES;
				CLANG_WARN_BOOL_CONVERSION = YES;
				CLANG_WARN_CONSTANT_CONVERSION = YES;
				CLANG_WARN_DIRECT_OBJC_ISA_USAGE = YES_ERROR;
				CLANG_WARN_EMPTY_BODY = YES;
				CLANG_WARN_ENUM_CONVERSION = YES;
				CLANG_WARN_INT_CONVERSION = YES;
				CLANG_WARN_OBJC_ROOT_CLASS = YES_ERROR;
				CLANG_WARN_UNREACHABLE_CODE = YES;
				CLANG_WARN__DUPLICATE_METHOD_MATCH = YES;
				COPY_PHASE_STRIP = NO;
				ENABLE_STRICT_OBJC_MSGSEND = YES;
				GCC_C_LANGUAGE_STANDARD = gnu99;
				GCC_DYNAMIC_NO_PIC = NO;
				GCC_OPTIMIZATION_LEVEL = 0;
				GCC_PREPROCESSOR_DEFINITIONS = (
					"DEBUG=1",
					"$(inherited)",
				);
				GCC_SYMBOLS_PRIVATE_EXTERN = NO;
				GCC_WARN_64_TO_32_BIT_CONVERSION = YES;
				GCC_WARN_ABOUT_RETURN_TYPE = YES_ERROR;
				GCC_WARN_UNDECLARED_SELECTOR = YES;
				GCC_WARN_UNINITIALIZED_AUTOS = YES_AGGRESSIVE;
				GCC_WARN_UNUSED_FUNCTION = YES;
				GCC_WARN_UNUSED_VARIABLE = YES;
				MACOSX_DEPLOYMENT_TARGET = 10.10;
				MTL_ENABLE_DEBUG_INFO = YES;
				ONLY_ACTIVE_ARCH = YES;
				SDKROOT = macosx;
			};
			name = Debug;
		};
		926B398B1A252FFF002014EA /* Release */ = {
			isa = XCBuildConfiguration;
			buildSettings = {
				ALWAYS_SEARCH_USER_PATHS = NO;
				CLANG_CXX_LANGUAGE_STANDARD = "gnu++0x";
				CLANG_CXX_LIBRARY = "libc++";
				CLANG_ENABLE_MODULES = YES;
				CLANG_ENABLE_OBJC_ARC = YES;
				CLANG_WARN_BOOL_CONVERSION = YES;
				CLANG_WARN_CONSTANT_CONVERSION = YES;
				CLANG_WARN_DIRECT_OBJC_ISA_USAGE = YES_ERROR;
				CLANG_WARN_EMPTY_BODY = YES;
				CLANG_WARN_ENUM_CONVERSION = YES;
				CLANG_WARN_INT_CONVERSION = YES;
				CLANG_WARN_OBJC_ROOT_CLASS = YES_ERROR;
				CLANG_WARN_UNREACHABLE_CODE = YES;
				CLANG_WARN__DUPLICATE_METHOD_MATCH = YES;
				COPY_PHASE_STRIP = YES;
				DEBUG_INFORMATION_FORMAT = "dwarf-with-dsym";
				ENABLE_NS_ASSERTIONS = NO;
				ENABLE_STRICT_OBJC_MSGSEND = YES;
				GCC_C_LANGUAGE_STANDARD = gnu99;
				GCC_WARN_64_TO_32_BIT_CONVERSION = YES;
				GCC_WARN_ABOUT_RETURN_TYPE = YES_ERROR;
				GCC_WARN_UNDECLARED_SELECTOR = YES;
				GCC_WARN_UNINITIALIZED_AUTOS = YES_AGGRESSIVE;
				GCC_WARN_UNUSED_FUNCTION = YES;
				GCC_WARN_UNUSED_VARIABLE = YES;
				MACOSX_DEPLOYMENT_TARGET = 10.10;
				MTL_ENABLE_DEBUG_INFO = NO;
				SDKROOT = macosx;
			};
			name = Release;
		};
		926B398D1A252FFF002014EA /* Debug */ = {
			isa = XCBuildConfiguration;
			buildSettings = {
				ARCHS = "$(ARCHS_STANDARD_64_BIT)";
				LIBRARY_SEARCH_PATHS = "/usr/local/lib/**";
				ONLY_ACTIVE_ARCH = YES;
				OTHER_LDFLAGS = "";
				PRODUCT_NAME = "$(TARGET_NAME)";
				VALID_ARCHS = x86_64;
			};
			name = Debug;
		};
		926B398E1A252FFF002014EA /* Release */ = {
			isa = XCBuildConfiguration;
			buildSettings = {
				ARCHS = "$(ARCHS_STANDARD_64_BIT)";
				LIBRARY_SEARCH_PATHS = "/usr/local/lib/**";
				ONLY_ACTIVE_ARCH = YES;
				OTHER_LDFLAGS = "";
				PRODUCT_NAME = "$(TARGET_NAME)";
				VALID_ARCHS = x86_64;
			};
			name = Release;
		};
/* End XCBuildConfiguration section */

/* Begin XCConfigurationList section */
		926B39801A252FFF002014EA /* Build configuration list for PBXProject "OpenGL" */ = {
			isa = XCConfigurationList;
			buildConfigurations = (
				926B398A1A252FFF002014EA /* Debug */,
				926B398B1A252FFF002014EA /* Release */,
			);
			defaultConfigurationIsVisible = 0;
			defaultConfigurationName = Release;
		};
		926B398C1A252FFF002014EA /* Build configuration list for PBXNativeTarget "OpenGL" */ = {
			isa = XCConfigurationList;
			buildConfigurations = (
				926B398D1A252FFF002014EA /* Debug */,
				926B398E1A252FFF002014EA /* Release */,
			);
			defaultConfigurationIsVisible = 0;
			defaultConfigurationName = Release;
		};
/* End XCConfigurationList section */
	};
	rootObject = 926B397D1A252FFF002014EA /* Project object */;
}
